
Microsoft Visual Studio Solution File, Format Version 12.00
# Visual Studio Version 16
VisualStudioVersion = 16.0.29215.179
MinimumVisualStudioVersion = 10.0.40219.1
Project("{8BC9CEB8-8B4A-11D0-8D11-00A0C91BC942}") = "Pointers", "Pointers\Pointers.vcxproj", "{507AB611-B954-4E21-816A-6B3172B90CEF}"
EndProject
Project("{8BC9CEB8-8B4A-11D0-8D11-00A0C91BC942}") = "Arithmetic", "Arithmetic\Arithmetic.vcxproj", "{3FBA313C-D756-45DA-B093-BC8063897875}"
EndProject
Project("{8BC9CEB8-8B4A-11D0-8D11-00A0C91BC942}") = "PointersAndArrays", "PointersAndArrays\PointersAndArrays.vcxproj", "{BE61FEE8-1667-4E47-920D-CFE4870A5211}"
EndProject
Project("{8BC9CEB8-8B4A-11D0-8D11-00A0C91BC942}") = "PointerArithmetic", "PointerArithmetic\PointerArithmetic.vcxproj", "{8508FF41-4E7A-4045-8848-291D6F1A5A96}"
EndProject
Project("{8BC9CEB8-8B4A-11D0-8D11-00A0C91BC942}") = "CharArrays", "CharArrays\CharArrays.vcxproj", "{DA5C97BC-9E7D-4402-912E-33E2C278F91B}"
EndProject
Project("{8BC9CEB8-8B4A-11D0-8D11-00A0C91BC942}") = "ReversingString", "ReversingString\ReversingString.vcxproj", "{C37C6104-40F2-480B-A5EE-D4EF60C94802}"
EndProject
Project("{8BC9CEB8-8B4A-11D0-8D11-00A0C91BC942}") = "References", "References\References.vcxproj", "{5403D728-DAE8-4230-A417-7F1AEF88FA72}"
EndProject
Project("{8BC9CEB8-8B4A-11D0-8D11-00A0C91BC942}") = "Const", "Const\Const.vcxproj", "{81BC19A1-82EE-47F0-BC04-D7B3334A7C42}"
EndProject
Project("{8BC9CEB8-8B4A-11D0-8D11-00A0C91BC942}") = "CopyConstructors", "CopyConstructors\CopyConstructors.vcxproj", "{05538BE3-B950-4C39-9EEC-5C2ADEE61143}"
EndProject
Global
	GlobalSection(SolutionConfigurationPlatforms) = preSolution
		Debug|x64 = Debug|x64
		Debug|x86 = Debug|x86
		Release|x64 = Release|x64
		Release|x86 = Release|x86
	EndGlobalSection
	GlobalSection(ProjectConfigurationPlatforms) = postSolution
		{507AB611-B954-4E21-816A-6B3172B90CEF}.Debug|x64.ActiveCfg = Debug|x64
		{507AB611-B954-4E21-816A-6B3172B90CEF}.Debug|x64.Build.0 = Debug|x64
		{507AB611-B954-4E21-816A-6B3172B90CEF}.Debug|x86.ActiveCfg = Debug|Win32
		{507AB611-B954-4E21-816A-6B3172B90CEF}.Debug|x86.Build.0 = Debug|Win32
		{507AB611-B954-4E21-816A-6B3172B90CEF}.Release|x64.ActiveCfg = Release|x64
		{507AB611-B954-4E21-816A-6B3172B90CEF}.Release|x64.Build.0 = Release|x64
		{507AB611-B954-4E21-816A-6B3172B90CEF}.Release|x86.ActiveCfg = Release|Win32
		{507AB611-B954-4E21-816A-6B3172B90CEF}.Release|x86.Build.0 = Release|Win32
		{3FBA313C-D756-45DA-B093-BC8063897875}.Debug|x64.ActiveCfg = Debug|x64
		{3FBA313C-D756-45DA-B093-BC8063897875}.Debug|x64.Build.0 = Debug|x64
		{3FBA313C-D756-45DA-B093-BC8063897875}.Debug|x86.ActiveCfg = Debug|Win32
		{3FBA313C-D756-45DA-B093-BC8063897875}.Debug|x86.Build.0 = Debug|Win32
		{3FBA313C-D756-45DA-B093-BC8063897875}.Release|x64.ActiveCfg = Release|x64
		{3FBA313C-D756-45DA-B093-BC8063897875}.Release|x64.Build.0 = Release|x64
		{3FBA313C-D756-45DA-B093-BC8063897875}.Release|x86.ActiveCfg = Release|Win32
		{3FBA313C-D756-45DA-B093-BC8063897875}.Release|x86.Build.0 = Release|Win32
		{BE61FEE8-1667-4E47-920D-CFE4870A5211}.Debug|x64.ActiveCfg = Debug|x64
		{BE61FEE8-1667-4E47-920D-CFE4870A5211}.Debug|x64.Build.0 = Debug|x64
		{BE61FEE8-1667-4E47-920D-CFE4870A5211}.Debug|x86.ActiveCfg = Debug|Win32
		{BE61FEE8-1667-4E47-920D-CFE4870A5211}.Debug|x86.Build.0 = Debug|Win32
		{BE61FEE8-1667-4E47-920D-CFE4870A5211}.Release|x64.ActiveCfg = Release|x64
		{BE61FEE8-1667-4E47-920D-CFE4870A5211}.Release|x64.Build.0 = Release|x64
		{BE61FEE8-1667-4E47-920D-CFE4870A5211}.Release|x86.ActiveCfg = Release|Win32
		{BE61FEE8-1667-4E47-920D-CFE4870A5211}.Release|x86.Build.0 = Release|Win32
		{8508FF41-4E7A-4045-8848-291D6F1A5A96}.Debug|x64.ActiveCfg = Debug|x64
		{8508FF41-4E7A-4045-8848-291D6F1A5A96}.Debug|x64.Build.0 = Debug|x64
		{8508FF41-4E7A-4045-8848-291D6F1A5A96}.Debug|x86.ActiveCfg = Debug|Win32
		{8508FF41-4E7A-4045-8848-291D6F1A5A96}.Debug|x86.Build.0 = Debug|Win32
		{8508FF41-4E7A-4045-8848-291D6F1A5A96}.Release|x64.ActiveCfg = Release|x64
		{8508FF41-4E7A-4045-8848-291D6F1A5A96}.Release|x64.Build.0 = Release|x64
		{8508FF41-4E7A-4045-8848-291D6F1A5A96}.Release|x86.ActiveCfg = Release|Win32
		{8508FF41-4E7A-4045-8848-291D6F1A5A96}.Release|x86.Build.0 = Release|Win32
		{DA5C97BC-9E7D-4402-912E-33E2C278F91B}.Debug|x64.ActiveCfg = Debug|x64
		{DA5C97BC-9E7D-4402-912E-33E2C278F91B}.Debug|x64.Build.0 = Debug|x64
		{DA5C97BC-9E7D-4402-912E-33E2C278F91B}.Debug|x86.ActiveCfg = Debug|Win32
		{DA5C97BC-9E7D-4402-912E-33E2C278F91B}.Debug|x86.Build.0 = Debug|Win32
		{DA5C97BC-9E7D-4402-912E-33E2C278F91B}.Release|x64.ActiveCfg = Release|x64
		{DA5C97BC-9E7D-4402-912E-33E2C278F91B}.Release|x64.Build.0 = Release|x64
		{DA5C97BC-9E7D-4402-912E-33E2C278F91B}.Release|x86.ActiveCfg = Release|Win32
		{DA5C97BC-9E7D-4402-912E-33E2C278F91B}.Release|x86.Build.0 = Release|Win32
		{C37C6104-40F2-480B-A5EE-D4EF60C94802}.Debug|x64.ActiveCfg = Debug|x64
		{C37C6104-40F2-480B-A5EE-D4EF60C94802}.Debug|x64.Build.0 = Debug|x64
		{C37C6104-40F2-480B-A5EE-D4EF60C94802}.Debug|x86.ActiveCfg = Debug|Win32
		{C37C6104-40F2-480B-A5EE-D4EF60C94802}.Debug|x86.Build.0 = Debug|Win32
		{C37C6104-40F2-480B-A5EE-D4EF60C94802}.Release|x64.ActiveCfg = Release|x64
		{C37C6104-40F2-480B-A5EE-D4EF60C94802}.Release|x64.Build.0 = Release|x64
		{C37C6104-40F2-480B-A5EE-D4EF60C94802}.Release|x86.ActiveCfg = Release|Win32
		{C37C6104-40F2-480B-A5EE-D4EF60C94802}.Release|x86.Build.0 = Release|Win32
		{5403D728-DAE8-4230-A417-7F1AEF88FA72}.Debug|x64.ActiveCfg = Debug|x64
		{5403D728-DAE8-4230-A417-7F1AEF88FA72}.Debug|x64.Build.0 = Debug|x64
		{5403D728-DAE8-4230-A417-7F1AEF88FA72}.Debug|x86.ActiveCfg = Debug|Win32
		{5403D728-DAE8-4230-A417-7F1AEF88FA72}.Debug|x86.Build.0 = Debug|Win32
		{5403D728-DAE8-4230-A417-7F1AEF88FA72}.Release|x64.ActiveCfg = Release|x64
		{5403D728-DAE8-4230-A417-7F1AEF88FA72}.Release|x64.Build.0 = Release|x64
		{5403D728-DAE8-4230-A417-7F1AEF88FA72}.Release|x86.ActiveCfg = Release|Win32
		{5403D728-DAE8-4230-A417-7F1AEF88FA72}.Release|x86.Build.0 = Release|Win32
		{81BC19A1-82EE-47F0-BC04-D7B3334A7C42}.Debug|x64.ActiveCfg = Debug|x64
		{81BC19A1-82EE-47F0-BC04-D7B3334A7C42}.Debug|x64.Build.0 = Debug|x64
		{81BC19A1-82EE-47F0-BC04-D7B3334A7C42}.Debug|x86.ActiveCfg = Debug|Win32
		{81BC19A1-82EE-47F0-BC04-D7B3334A7C42}.Debug|x86.Build.0 = Debug|Win32
		{81BC19A1-82EE-47F0-BC04-D7B3334A7C42}.Release|x64.ActiveCfg = Release|x64
		{81BC19A1-82EE-47F0-BC04-D7B3334A7C42}.Release|x64.Build.0 = Release|x64
		{81BC19A1-82EE-47F0-BC04-D7B3334A7C42}.Release|x86.ActiveCfg = Release|Win32
		{81BC19A1-82EE-47F0-BC04-D7B3334A7C42}.Release|x86.Build.0 = Release|Win32
		{05538BE3-B950-4C39-9EEC-5C2ADEE61143}.Debug|x64.ActiveCfg = Debug|x64
		{05538BE3-B950-4C39-9EEC-5C2ADEE61143}.Debug|x64.Build.0 = Debug|x64
		{05538BE3-B950-4C39-9EEC-5C2ADEE61143}.Debug|x86.ActiveCfg = Debug|Win32
		{05538BE3-B950-4C39-9EEC-5C2ADEE61143}.Debug|x86.Build.0 = Debug|Win32
		{05538BE3-B950-4C39-9EEC-5C2ADEE61143}.Release|x64.ActiveCfg = Release|x64
		{05538BE3-B950-4C39-9EEC-5C2ADEE61143}.Release|x64.Build.0 = Release|x64
		{05538BE3-B950-4C39-9EEC-5C2ADEE61143}.Release|x86.ActiveCfg = Release|Win32
		{05538BE3-B950-4C39-9EEC-5C2ADEE61143}.Release|x86.Build.0 = Release|Win32
	EndGlobalSection
	GlobalSection(SolutionProperties) = preSolution
		HideSolutionNode = FALSE
	EndGlobalSection
	GlobalSection(ExtensibilityGlobals) = postSolution
		SolutionGuid = {40A11DF4-85ED-48E3-8601-F0A7FABFA2E4}
	EndGlobalSection
EndGlobal
